
Microsoft Visual Studio Solution File, Format Version 12.00
# Visual Studio Version 16
VisualStudioVersion = 16.0.30907.101
MinimumVisualStudioVersion = 10.0.40219.1
Project("{FAE04EC0-301F-11D3-BF4B-00C04F79EFBC}") = "CICD Uppgift2", "CICD Uppgift2\CICD Uppgift2.csproj", "{F8192225-510C-4647-8878-10D4D669F832}"
EndProject
Global
	GlobalSection(SolutionConfigurationPlatforms) = preSolution
		Debug|Any CPU = Debug|Any CPU
		Release|Any CPU = Release|Any CPU
	EndGlobalSection
	GlobalSection(ProjectConfigurationPlatforms) = postSolution
		{F8192225-510C-4647-8878-10D4D669F832}.Debug|Any CPU.ActiveCfg = Debug|Any CPU
		{F8192225-510C-4647-8878-10D4D669F832}.Debug|Any CPU.Build.0 = Debug|Any CPU
		{F8192225-510C-4647-8878-10D4D669F832}.Release|Any CPU.ActiveCfg = Release|Any CPU
		{F8192225-510C-4647-8878-10D4D669F832}.Release|Any CPU.Build.0 = Release|Any CPU
	EndGlobalSection
	GlobalSection(SolutionProperties) = preSolution
		HideSolutionNode = FALSE
	EndGlobalSection
	GlobalSection(ExtensibilityGlobals) = postSolution
		SolutionGuid = {52C2331E-8B2D-458D-8488-633ACE19A444}
	EndGlobalSection
EndGlobal
